Microsoft Visual Studio Solution File, Format Version 12.00
# Visual Studio Version 17
VisualStudioVersion = 17.5.2.0
MinimumVisualStudioVersion = 10.0.40219.1
Project("{FAE04EC0-301F-11D3-BF4B-00C04F79EFBC}") = "P1WebAppRazor", "P1WebAppRazor.csproj", "{EA8AED38-945C-183C-5C76-6D3212F6E6EC}"
EndProject
Global
	GlobalSection(SolutionConfigurationPlatforms) = preSolution
		Debug|Any CPU = Debug|Any CPU
		Release|Any CPU = Release|Any CPU
	EndGlobalSection
	GlobalSection(ProjectConfigurationPlatforms) = postSolution
		{EA8AED38-945C-183C-5C76-6D3212F6E6EC}.Debug|Any CPU.ActiveCfg = Debug|Any CPU
		{EA8AED38-945C-183C-5C76-6D3212F6E6EC}.Debug|Any CPU.Build.0 = Debug|Any CPU
		{EA8AED38-945C-183C-5C76-6D3212F6E6EC}.Release|Any CPU.ActiveCfg = Release|Any CPU
		{EA8AED38-945C-183C-5C76-6D3212F6E6EC}.Release|Any CPU.Build.0 = Release|Any CPU
	EndGlobalSection
	GlobalSection(SolutionProperties) = preSolution
		HideSolutionNode = FALSE
	EndGlobalSection
	GlobalSection(ExtensibilityGlobals) = postSolution
		SolutionGuid = {CC51727F-0956-4D7D-9EA8-CE44105E7A95}
	EndGlobalSection
EndGlobal
